
Microsoft Visual Studio Solution File, Format Version 12.00
# Visual Studio 15
VisualStudioVersion = 15.0.27130.2010
MinimumVisualStudioVersion = 10.0.40219.1
Project("{FAE04EC0-301F-11D3-BF4B-00C04F79EFBC}") = "RoboCup", "player\RoboCup.csproj", "{D8FE8741-2A4C-42C5-98F7-12FC8CC5A670}"
EndProject
Global
	GlobalSection(SolutionConfigurationPlatforms) = preSolution
		Debug with opponent|x86 = Debug with opponent|x86
		Debug|x86 = Debug|x86
		Release|x86 = Release|x86
	EndGlobalSection
	GlobalSection(ProjectConfigurationPlatforms) = postSolution
		{D8FE8741-2A4C-42C5-98F7-12FC8CC5A670}.Debug with opponent|x86.ActiveCfg = Debug with opponent|x86
		{D8FE8741-2A4C-42C5-98F7-12FC8CC5A670}.Debug with opponent|x86.Build.0 = Debug with opponent|x86
		{D8FE8741-2A4C-42C5-98F7-12FC8CC5A670}.Debug|x86.ActiveCfg = Debug|x86
		{D8FE8741-2A4C-42C5-98F7-12FC8CC5A670}.Debug|x86.Build.0 = Debug|x86
		{D8FE8741-2A4C-42C5-98F7-12FC8CC5A670}.Release|x86.ActiveCfg = Release|x86
		{D8FE8741-2A4C-42C5-98F7-12FC8CC5A670}.Release|x86.Build.0 = Release|x86
	EndGlobalSection
	GlobalSection(SolutionProperties) = preSolution
		HideSolutionNode = FALSE
	EndGlobalSection
	GlobalSection(ExtensibilityGlobals) = postSolution
		VisualSVNWorkingCopyRoot = .
		SolutionGuid = {6B7CBBF9-B1ED-486A-95DA-29DE5C62C3A1}
	EndGlobalSection
EndGlobal
